
Microsoft Visual Studio Solution File, Format Version 12.00
# Visual Studio Version 17
VisualStudioVersion = 17.6.33801.468
MinimumVisualStudioVersion = 10.0.40219.1
Project("{9A19103F-16F7-4668-BE54-9A1E7A4F7556}") = "E_LearningAPP", "E_LearningAPP\E_LearningAPP.csproj", "{34CDE32E-56EE-4824-B0C4-D8701F7D270A}"
EndProject
Project("{FAE04EC0-301F-11D3-BF4B-00C04F79EFBC}") = "E-LearningAPP.BackEnd", "E-LearningAPP.BackEnd\E-LearningAPP.BackEnd.csproj", "{98C451C3-C93C-426C-9968-9895809F9F38}"
EndProject
Project("{FAE04EC0-301F-11D3-BF4B-00C04F79EFBC}") = "E-LearningAPP.BackEnd.Logics", "E-LearningAPP.BackEnd.Logics\E-LearningAPP.BackEnd.Logics.csproj", "{4D7D00E9-2799-4205-A0BB-18004A2AA2E5}"
EndProject
Global
	GlobalSection(SolutionConfigurationPlatforms) = preSolution
		Debug|Any CPU = Debug|Any CPU
		Release|Any CPU = Release|Any CPU
	EndGlobalSection
	GlobalSection(ProjectConfigurationPlatforms) = postSolution
		{34CDE32E-56EE-4824-B0C4-D8701F7D270A}.Debug|Any CPU.ActiveCfg = Debug|Any CPU
		{34CDE32E-56EE-4824-B0C4-D8701F7D270A}.Debug|Any CPU.Build.0 = Debug|Any CPU
		{34CDE32E-56EE-4824-B0C4-D8701F7D270A}.Release|Any CPU.ActiveCfg = Release|Any CPU
		{34CDE32E-56EE-4824-B0C4-D8701F7D270A}.Release|Any CPU.Build.0 = Release|Any CPU
		{98C451C3-C93C-426C-9968-9895809F9F38}.Debug|Any CPU.ActiveCfg = Debug|Any CPU
		{98C451C3-C93C-426C-9968-9895809F9F38}.Debug|Any CPU.Build.0 = Debug|Any CPU
		{98C451C3-C93C-426C-9968-9895809F9F38}.Release|Any CPU.ActiveCfg = Release|Any CPU
		{98C451C3-C93C-426C-9968-9895809F9F38}.Release|Any CPU.Build.0 = Release|Any CPU
		{4D7D00E9-2799-4205-A0BB-18004A2AA2E5}.Debug|Any CPU.ActiveCfg = Debug|Any CPU
		{4D7D00E9-2799-4205-A0BB-18004A2AA2E5}.Debug|Any CPU.Build.0 = Debug|Any CPU
		{4D7D00E9-2799-4205-A0BB-18004A2AA2E5}.Release|Any CPU.ActiveCfg = Release|Any CPU
		{4D7D00E9-2799-4205-A0BB-18004A2AA2E5}.Release|Any CPU.Build.0 = Release|Any CPU
	EndGlobalSection
	GlobalSection(SolutionProperties) = preSolution
		HideSolutionNode = FALSE
	EndGlobalSection
	GlobalSection(ExtensibilityGlobals) = postSolution
		SolutionGuid = {A68B2201-D2AC-4150-97D8-7963338A5943}
	EndGlobalSection
EndGlobal
